
Microsoft Visual Studio Solution File, Format Version 12.00
# Visual Studio Version 17
VisualStudioVersion = 17.0.31903.59
MinimumVisualStudioVersion = 10.0.40219.1
Project("{FAE04EC0-301F-11D3-BF4B-00C04F79EFBC}") = "TGI.WebApi", "TGE.WebApi\TGI.WebApi.csproj", "{351D69B3-60C2-4D8F-8530-1DB00667F289}"
EndProject
Project("{FAE04EC0-301F-11D3-BF4B-00C04F79EFBC}") = "TGE.Data", "TGE.Data\TGE.Data.csproj", "{F1E14208-2164-4D12-89FC-DF679581A229}"
EndProject
Project("{FAE04EC0-301F-11D3-BF4B-00C04F79EFBC}") = "TGE.Models", "TGE.Models\TGE.Models.csproj", "{86349ED7-48C0-4E8D-B5BA-0BF35A34FA65}"
EndProject
Project("{FAE04EC0-301F-11D3-BF4B-00C04F79EFBC}") = "TGE.Services", "TGE.Services\TGE.Services.csproj", "{4A6DC55D-111D-4E86-A0F7-CCEAD5B00918}"
EndProject
Global
	GlobalSection(SolutionConfigurationPlatforms) = preSolution
		Debug|Any CPU = Debug|Any CPU
		Release|Any CPU = Release|Any CPU
	EndGlobalSection
	GlobalSection(SolutionProperties) = preSolution
		HideSolutionNode = FALSE
	EndGlobalSection
	GlobalSection(ProjectConfigurationPlatforms) = postSolution
		{DFFFDDCF-F433-481C-AD81-EAB6C20922B0}.Debug|Any CPU.ActiveCfg = Debug|Any CPU
		{DFFFDDCF-F433-481C-AD81-EAB6C20922B0}.Debug|Any CPU.Build.0 = Debug|Any CPU
		{DFFFDDCF-F433-481C-AD81-EAB6C20922B0}.Release|Any CPU.ActiveCfg = Release